
Microsoft Visual Studio Solution File, Format Version 12.00
# Visual Studio Version 17
VisualStudioVersion = 17.7.34202.233
MinimumVisualStudioVersion = 10.0.40219.1
Project("{FAE04EC0-301F-11D3-BF4B-00C04F79EFBC}") = "ASteamAPI", "ASteamAPI.csproj", "{4E38243B-7807-46BF-832F-5B2665F121D0}"
EndProject
Project("{FAE04EC0-301F-11D3-BF4B-00C04F79EFBC}") = "BLL", "..\BLL\BLL.csproj", "{6E7EAC44-4D18-48F8-8C2E-7D6728EFBEFC}"
EndProject
Project("{FAE04EC0-301F-11D3-BF4B-00C04F79EFBC}") = "DAL", "..\DAL\DAL.csproj", "{D8661CED-356A-48C8-9D3E-F41C26F154B4}"
EndProject
Project("{FAE04EC0-301F-11D3-BF4B-00C04F79EFBC}") = "ToolBox", "ToolBox\ToolBox.csproj", "{2C393A69-29ED-4411-99D2-9553F5CB0CC2}"
EndProject
Global
	GlobalSection(SolutionConfigurationPlatforms) = preSolution
		Debug|Any CPU = Debug|Any CPU
		Release|Any CPU = Release|Any CPU
	EndGlobalSection
	GlobalSection(ProjectConfigurationPlatforms) = postSolution
		{4E38243B-7807-46BF-832F-5B2665F121D0}.Debug|Any CPU.ActiveCfg = Debug|Any CPU
		{4E38243B-7807-46BF-832F-5B2665F121D0}.Debug|Any CPU.Build.0 = Debug|Any CPU
		{4E38243B-7807-46BF-832F-5B2665F121D0}.Release|Any CPU.ActiveCfg = Release|Any CPU
		{4E38243B-7807-46BF-832F-5B2665F121D0}.Release|Any CPU.Build.0 = Release|Any CPU
		{6E7EAC44-4D18-48F8-8C2E-7D6728EFBEFC}.Debug|Any CPU.ActiveCfg = Debug|Any CPU
		{6E7EAC44-4D18-48F8-8C2E-7D6728EFBEFC}.Debug|Any CPU.Build.0 = Debug|Any CPU
		{6E7EAC44-4D18-48F8-8C2E-7D6728EFBEFC}.Release|Any CPU.ActiveCfg = Release|Any CPU
		{6E7EAC44-4D18-48F8-8C2E-7D6728EFBEFC}.Release|Any CPU.Build.0 = Release|Any CPU
		{D8661CED-356A-48C8-9D3E-F41C26F154B4}.Debug|Any CPU.ActiveCfg = Debug|Any CPU
		{D8661CED-356A-48C8-9D3E-F41C26F154B4}.Debug|Any CPU.Build.0 = Debug|Any CPU
		{D8661CED-356A-48C8-9D3E-F41C26F154B4}.Release|Any CPU.ActiveCfg = Release|Any CPU
		{D8661CED-356A-48C8-9D3E-F41C26F154B4}.Release|Any CPU.Build.0 = Release|Any CPU
		{2C393A69-29ED-4411-99D2-9553F5CB0CC2}.Debug|Any CPU.ActiveCfg = Debug|Any CPU
		{2C393A69-29ED-4411-99D2-9553F5CB0CC2}.Debug|Any CPU.Build.0 = Debug|Any CPU
		{2C393A69-29ED-4411-99D2-9553F5CB0CC2}.Release|Any CPU.ActiveCfg = Release|Any CPU
		{2C393A69-29ED-4411-99D2-9553F5CB0CC2}.Release|Any CPU.Build.0 = Release|Any CPU
	EndGlobalSection
	GlobalSection(SolutionProperties) = preSolution
		HideSolutionNode = FALSE
	EndGlobalSection
	GlobalSection(ExtensibilityGlobals) = postSolution
		SolutionGuid = {3A7B0AFE-468C-4EB3-BDA0-EC60FD086336}
	EndGlobalSection
EndGlobal
